{
    "_meta": {
        "hash": {
            "sha256": "3898c7eeddc29822b843750b6836691d9651679015e6c79a9ddeb5cd3ebb5f83"
        },
        "pipfile-spec": 6,
        "requires": {
            "python_version": "3.10"
        },
        "sources": [
            {
                "name": "pypi",
                "url": "https://pypi.org/simple",
                "verify_ssl": true
            }
        ]
    },
    "default": {
        "pymupdf": {
            "hashes": [
                "sha256:00499b864a56a2168254dce3d0f12048b96e9b3bdd43fecace18a1572342c8d4",
                "sha256:042ad205c7ef615d9fbab7078f6fa8d14f020ed2dfe3a79d803b6171318565b5",
                "sha256:13d06161176e1d4e337f5b5e053b628e4531bab5effb269a83dc38d4deb8e659",
                "sha256:241913d0c76aacb05acdd8a0e82b1105883ffe6ef3bb4d9742b41d3c5e84d2db",
                "sha256:3692a5e824f10dc09bbddabab207f7cd5979831e48dd2f4de1be21e441767473",
                "sha256:3d1133983c7ac388a35bbab8dfc4c26a874c05edc47d2038961add2efa4639a8",
                "sha256:41c92d69993e7614730205b75d7999b21ca0f929d31b2bb86a4b58d3b1b0451a",
                "sha256:454932e9c7b9cd3057ee83dfe805f551a1382b9e216e87a32eb44c6d6843f966",
                "sha256:46b1f84816c666e1c82f4249c1e815e92c462633255d72da20751eaad125d0f0",
                "sha256:49cb22196f11c2327f6345554db48cfb2e31ed4f073ca6a872f21ddc4b0619c1",
                "sha256:4e807010ef4e63cfb70dd88fe1fcd1d7e2b4e62ffa2b1dc53b35bc18bf939d8e",
                "sha256:4f7b19f5c0026db49b7be17901728ed15761c5aa2031f04b01f9eb2e54f1b50e",
                "sha256:4fa45474d63715c707e3c3a6ebeeee75fd7aaa180512b75863e437f6876dfa86",
                "sha256:5199567353d1543e6c21c626148f8ac9ebb14ce553f2c434fcb9b00e195e1e52",
                "sha256:5cec9d17fdcbd83fa2c90190c22f652a0a51275cf75a29068eea025fff076829",
                "sha256:5dac888cc16981e385c886c26de6aabf914059215e028d14cd67767ff0c1288c",
                "sha256:7ab228dfb80002eb8612ffe71b50052d8b20d9364a3535e2fe43a0901ce41d40",
                "sha256:84e1516d4b3e40711b9a6dbaedd30e0a89d6a054ca408a56114ceb5a1461f0d1",
                "sha256:8e29bc817afad511072371f24624c7c3b7485a9e656b6a65dc58fecdf5043b08",
                "sha256:93cc4908259f133c9dc88f5e77329c4b2dbc03fca83126b1efffedb67ade0fb9",
                "sha256:94f2796a3dd1f0735d0717eb020d7c3c7313eaae8c9c1040022408c880931616",
                "sha256:a04af6f3f5f35cb62bc7b3c2e9cfff510aa56c39c53355ecfff40b7cb9773fef",
                "sha256:b4495833bb0300fc885491928f2cbdf96afb569205dcc256bb4c43e3d1fde7cb",
                "sha256:b4f85c24050e3778be6c7c1f4d4965fd4385281264798df7b4301b78895053fd",
                "sha256:c97f0b2fb201c9d9bc0f15a901641174e8896a9ae9fbe0d5bb1a6f2315cc3ced",
                "sha256:caf43ce86790f95049a5849f2802b5c412b865cd368ece89a39a54fc84aa45cd",
                "sha256:d17ec6920f91c43b6e777a017f3aaf44b205a3216771db9e8aa46e78a703f8f6",
                "sha256:d7cdddce8d214e65ed483a8a403da49984815e543c3ce4b539306570c4cfc453",
                "sha256:da5d9699472bfd1de52975de3eb7efaf5190ac5801b9fc6bcccde603afbe6937",
                "sha256:de55817c02e06ff75233ce2487cc5ebcbf585acd694bb69500825ee37789ac79",
                "sha256:de8b330900c194efeedeb97adab25520479d101fc9aed50d7323dde08698ae24",
                "sha256:e2828a79415ae3dd90c629697ace51db7f1e81f426fc2fc034c2151dbe58be6e",
                "sha256:e4c867f1cde68ff0e9c7889ea27c4c2c67df80e776f82619888bb69d1e1b27cf",
                "sha256:e53370f3679a7b013c2abb801bb566882dab1fb59646d4b0a717ee0d350c5ab1",
                "sha256:f074e501e883428e7d5480f732ea6a6bd17146f10ebefb9b84957fd32b79f0d4",
                "sha256:ff70e26625b6cdd036e2c63b5d6c1897949c0e8b205cd756276f27baadaad340"
            ],
            "index": "pypi",
            "version": "==1.24.9"
        },
        "pymupdfb": {
            "hashes": [
                "sha256:198f6b3713b6f980fa96c1099be0d5459c7d43c593299948f0ba528577e6bf46",
                "sha256:20ea17fd5799dcf7813ec099c0ce303f763e6e4ba8d0f54d5f84e4df90c3a340",
                "sha256:3c9e694b1fb1bde37a8d3c953fbd0916e7dee8a4650142547d4f832105b17689",
                "sha256:3fd74ee7969712ab457495465da0a61aab44d8cf9b71b9ef51910a8c6a90ad57",
                "sha256:5505f07b3dded6e791ab7d10d01f0687e913fc75edd23fdf2825a582b6651558",
                "sha256:ae044ebc8299f5a3ba822a6dfe97285dffd6c66cba194bc39180aa189a2755c9",
                "sha256:c6b8adc0b9c91ff0f657440a816ad2130429a808cd53ff273f3e72532e526bdc",
                "sha256:eb5b38f588963a239a8c0bca99d3d912f0c04674e3c6e7199e44cebd22840061"
            ],
            "markers": "python_version >= '3.8'",
            "version": "==1.24.9"
        }
    },
    "develop": {}
}
